
Microsoft Visual Studio Solution File, Format Version 12.00
# Visual Studio 15
VisualStudioVersion = 15.0.27130.2027
MinimumVisualStudioVersion = 10.0.40219.1
Project("{FAE04EC0-301F-11D3-BF4B-00C04F79EFBC}") = "ChromiumSite", "ChromiumSite\ChromiumSite.csproj", "{D4D22EB4-3AB1-4751-BAFA-6B6A2E2F3DF2}"
EndProject
Global
	GlobalSection(SolutionConfigurationPlatforms) = preSolution
		Debug|Any CPU = Debug|Any CPU
		Release|Any CPU = Release|Any CPU
	EndGlobalSection
	GlobalSection(ProjectConfigurationPlatforms) = postSolution
		{D4D22EB4-3AB1-4751-BAFA-6B6A2E2F3DF2}.Debug|Any CPU.ActiveCfg = Debug|Any CPU
		{D4D22EB4-3AB1-4751-BAFA-6B6A2E2F3DF2}.Debug|Any CPU.Build.0 = Debug|Any CPU
		{D4D22EB4-3AB1-4751-BAFA-6B6A2E2F3DF2}.Release|Any CPU.ActiveCfg = Release|Any CPU
		{D4D22EB4-3AB1-4751-BAFA-6B6A2E2F3DF2}.Release|Any CPU.Build.0 = Release|Any CPU
	EndGlobalSection
	GlobalSection(SolutionProperties) = preSolution
		HideSolutionNode = FALSE
	EndGlobalSection
	GlobalSection(ExtensibilityGlobals) = postSolution
		SolutionGuid = {C632A3CC-95F7-4A5F-9F1E-6D431FFC5A88}
	EndGlobalSection
EndGlobal
